
Microsoft Visual Studio Solution File, Format Version 12.00
# Visual Studio Version 16
VisualStudioVersion = 16.0.31729.503
MinimumVisualStudioVersion = 10.0.40219.1
Project("{FAE04EC0-301F-11D3-BF4B-00C04F79EFBC}") = "RSA", "RSA\RSA.csproj", "{5BBB367F-FF9B-4C63-BB2A-B58436C4C5CE}"
EndProject
Global
	GlobalSection(SolutionConfigurationPlatforms) = preSolution
		Debug|Any CPU = Debug|Any CPU
		Release|Any CPU = Release|Any CPU
	EndGlobalSection
	GlobalSection(ProjectConfigurationPlatforms) = postSolution
		{5BBB367F-FF9B-4C63-BB2A-B58436C4C5CE}.Debug|Any CPU.ActiveCfg = Debug|Any CPU
		{5BBB367F-FF9B-4C63-BB2A-B58436C4C5CE}.Debug|Any CPU.Build.0 = Debug|Any CPU
		{5BBB367F-FF9B-4C63-BB2A-B58436C4C5CE}.Release|Any CPU.ActiveCfg = Release|Any CPU
		{5BBB367F-FF9B-4C63-BB2A-B58436C4C5CE}.Release|Any CPU.Build.0 = Release|Any CPU
	EndGlobalSection
	GlobalSection(SolutionProperties) = preSolution
		HideSolutionNode = FALSE
	EndGlobalSection
	GlobalSection(ExtensibilityGlobals) = postSolution
		SolutionGuid = {980C097B-A024-4682-A9B8-8DDE8DB4B9E8}
	EndGlobalSection
EndGlobal
